// !$*UTF8*$!
{
	archiveVersion = 1;
	classes = {
	};
	objectVersion = 55;
	objects = {

/* Begin PBXBuildFile section */
		B2346A18289A5A18009D75FC /* Main.storyboard in Resources */ = {isa = PBXBuildFile; fileRef = B2346A17289A5A18009D75FC /* Main.storyboard */; };
		B2AAB80728981ECE00CC0E60 /* AppDelegate.swift in Sources */ = {isa = PBXBuildFile; fileRef = B2AAB80628981ECE00CC0E60 /* AppDelegate.swift */; };
		B2AAB80928981ECE00CC0E60 /* SceneDelegate.swift in Sources */ = {isa = PBXBuildFile; fileRef = B2AAB80828981ECE00CC0E60 /* SceneDelegate.swift */; };
		B2AAB80B28981ECE00CC0E60 /* ViewController.swift in Sources */ = {isa = PBXBuildFile; fileRef = B2AAB80A28981ECE00CC0E60 /* ViewController.swift */; };
		B2AAB81028981ECF00CC0E60 /* Assets.xcassets in Resources */ = {isa = PBXBuildFile; fileRef = B2AAB80F28981ECF00CC0E60 /* Assets.xcassets */; };
		B2AAB81328981ECF00CC0E60 /* LaunchScreen.storyboard in Resources */ = {isa = PBXBuildFile; fileRef = B2AAB81128981ECF00CC0E60 /* LaunchScreen.storyboard */; };
		B2AAB820289821E500CC0E60 /* SCPListViewCell.swift in Sources */ = {isa = PBXBuildFile; fileRef = B2AAB81E289821E500CC0E60 /* SCPListViewCell.swift */; };
		B2AAB821289821E500CC0E60 /* SCPListViewCell.xib in Resources */ = {isa = PBXBuildFile; fileRef = B2AAB81F289821E500CC0E60 /* SCPListViewCell.xib */; };
		B2AAB823289825BC00CC0E60 /* SCPModel.swift in Sources */ = {isa = PBXBuildFile; fileRef = B2AAB822289825BC00CC0E60 /* SCPModel.swift */; };
		B2AAB82528983F8900CC0E60 /* DetailViewController.swift in Sources */ = {isa = PBXBuildFile; fileRef = B2AAB82428983F8900CC0E60 /* DetailViewController.swift */; };
		B2BDC236289926A300AD8071 /* ProfileViewController.swift in Sources */ = {isa = PBXBuildFile; fileRef = B2BDC235289926A300AD8071 /* ProfileViewController.swift */; };
/* End PBXBuildFile section */

/* Begin PBXFileReference section */
		B2346A17289A5A18009D75FC /* Main.storyboard */ = {isa = PBXFileReference; fileEncoding = 4; lastKnownFileType = file.storyboard; path = Main.storyboard; sourceTree = "<group>"; };
		B2AAB80328981ECE00CC0E60 /* SCPBook.app */ = {isa = PBXFileReference; explicitFileType = wrapper.application; includeInIndex = 0; path = SCPBook.app; sourceTree = BUILT_PRODUCTS_DIR; };
		B2AAB80628981ECE00CC0E60 /* AppDelegate.swift */ = {isa = PBXFileReference; lastKnownFileType = sourcecode.swift; path = AppDelegate.swift; sourceTree = "<group>"; };
		B2AAB80828981ECE00CC0E60 /* SceneDelegate.swift */ = {isa = PBXFileReference; lastKnownFileType = sourcecode.swift; path = SceneDelegate.swift; sourceTree = "<group>"; };
		B2AAB80A28981ECE00CC0E60 /* ViewController.swift */ = {isa = PBXFileReference; lastKnownFileType = sourcecode.swift; path = ViewController.swift; sourceTree = "<group>"; };
		B2AAB80F28981ECF00CC0E60 /* Assets.xcassets */ = {isa = PBXFileReference; lastKnownFileType = folder.assetcatalog; path = Assets.xcassets; sourceTree = "<group>"; };
		B2AAB81228981ECF00CC0E60 /* Base */ = {isa = PBXFileReference; lastKnownFileType = file.storyboard; name = Base; path = Base.lproj/LaunchScreen.storyboard; sourceTree = "<group>"; };
		B2AAB81428981ECF00CC0E60 /* Info.plist */ = {isa = PBXFileReference; lastKnownFileType = text.plist.xml; path = Info.plist; sourceTree = "<group>"; };
		B2AAB81E289821E500CC0E60 /* SCPListViewCell.swift */ = {isa = PBXFileReference; lastKnownFileType = sourcecode.swift; path = SCPListViewCell.swift; sourceTree = "<group>"; };
		B2AAB81F289821E500CC0E60 /* SCPListViewCell.xib */ = {isa = PBXFileReference; lastKnownFileType = file.xib; path = SCPListViewCell.xib; sourceTree = "<group>"; };
		B2AAB822289825BC00CC0E60 /* SCPModel.swift */ = {isa = PBXFileReference; lastKnownFileType = sourcecode.swift; path = SCPModel.swift; sourceTree = "<group>"; };
		B2AAB82428983F8900CC0E60 /* DetailViewController.swift */ = {isa = PBXFileReference; lastKnownFileType = sourcecode.swift; path = DetailViewController.swift; sourceTree = "<group>"; };
		B2BDC235289926A300AD8071 /* ProfileViewController.swift */ = {isa = PBXFileReference; lastKnownFileType = sourcecode.swift; path = ProfileViewController.swift; sourceTree = "<group>"; };
/* End PBXFileReference section */

/* Begin PBXFrameworksBuildPhase section */
		B2AAB80028981ECE00CC0E60 /* Frameworks */ = {
			isa = PBXFrameworksBuildPhase;
			buildActionMask = 2147483647;
			files = (
			);
			runOnlyForDeploymentPostprocessing = 0;
		};
/* End PBXFrameworksBuildPhase section */

/* Begin PBXGroup section */
		B2AAB7FA28981ECE00CC0E60 = {
			isa = PBXGroup;
			children = (
				B2AAB80528981ECE00CC0E60 /* SCPBook */,
				B2AAB80428981ECE00CC0E60 /* Products */,
			);
			sourceTree = "<group>";
		};
		B2AAB80428981ECE00CC0E60 /* Products */ = {
			isa = PBXGroup;
			children = (
				B2AAB80328981ECE00CC0E60 /* SCPBook.app */,
			);
			name = Products;
			sourceTree = "<group>";
		};
		B2AAB80528981ECE00CC0E60 /* SCPBook */ = {
			isa = PBXGroup;
			children = (
				B2AAB80628981ECE00CC0E60 /* AppDelegate.swift */,
				B2AAB80828981ECE00CC0E60 /* SceneDelegate.swift */,
				B2AAB80A28981ECE00CC0E60 /* ViewController.swift */,
				B2AAB82428983F8900CC0E60 /* DetailViewController.swift */,
				B2AAB822289825BC00CC0E60 /* SCPModel.swift */,
				B2AAB81E289821E500CC0E60 /* SCPListViewCell.swift */,
				B2BDC235289926A300AD8071 /* ProfileViewController.swift */,
				B2346A17289A5A18009D75FC /* Main.storyboard */,
				B2AAB81F289821E500CC0E60 /* SCPListViewCell.xib */,
				B2AAB80F28981ECF00CC0E60 /* Assets.xcassets */,
				B2AAB81128981ECF00CC0E60 /* LaunchScreen.storyboard */,
				B2AAB81428981ECF00CC0E60 /* Info.plist */,
			);
			path = SCPBook;
			sourceTree = "<group>";
		};
/* End PBXGroup section */

/* Begin PBXNativeTarget section */
		B2AAB80228981ECE00CC0E60 /* SCPBook */ = {
			isa = PBXNativeTarget;
			buildConfigurationList = B2AAB81728981ECF00CC0E60 /* Build configuration list for PBXNativeTarget "SCPBook" */;
			buildPhases = (
				B2AAB7FF28981ECE00CC0E60 /* Sources */,
				B2AAB80028981ECE00CC0E60 /* Frameworks */,
				B2AAB80128981ECE00CC0E60 /* Resources */,
			);
			buildRules = (
			);
			dependencies = (
			);
			name = SCPBook;
			productName = SCPBook;
			productReference = B2AAB80328981ECE00CC0E60 /* SCPBook.app */;
			productType = "com.apple.product-type.application";
		};
/* End PBXNativeTarget section */

/* Begin PBXProject section */
		B2AAB7FB28981ECE00CC0E60 /* Project object */ = {
			isa = PBXProject;
			attributes = {
				BuildIndependentTargetsInParallel = 1;
				LastSwiftUpdateCheck = 1340;
				LastUpgradeCheck = 1340;
				TargetAttributes = {
					B2AAB80228981ECE00CC0E60 = {
						CreatedOnToolsVersion = 13.4.1;
					};
				};
			};
			buildConfigurationList = B2AAB7FE28981ECE00CC0E60 /* Build configuration list for PBXProject "SCPBook" */;
			compatibilityVersion = "Xcode 13.0";
			developmentRegion = en;
			hasScannedForEncodings = 0;
			knownRegions = (
				en,
				Base,
			);
			mainGroup = B2AAB7FA28981ECE00CC0E60;
			productRefGroup = B2AAB80428981ECE00CC0E60 /* Products */;
			projectDirPath = "";
			projectRoot = "";
			targets = (
				B2AAB80228981ECE00CC0E60 /* SCPBook */,
			);
		};
/* End PBXProject section */

/* Begin PBXResourcesBuildPhase section */
		B2AAB80128981ECE00CC0E60 /* Resources */ = {
			isa = PBXResourcesBuildPhase;
			buildActionMask = 2147483647;
			files = (
				B2AAB81328981ECF00CC0E60 /* LaunchScreen.storyboard in Resources */,
				B2AAB821289821E500CC0E60 /* SCPListViewCell.xib in Resources */,
				B2AAB81028981ECF00CC0E60 /* Assets.xcassets in Resources */,
				B2346A18289A5A18009D75FC /* Main.storyboard in Resources */,
			);
			runOnlyForDeploymentPostprocessing = 0;
		};
/* End PBXResourcesBuildPhase section */

/* Begin PBXSourcesBuildPhase section */
		B2AAB7FF28981ECE00CC0E60 /* Sources */ = {
			isa = PBXSourcesBuildPhase;
			buildActionMask = 2147483647;
			files = (
				B2AAB80B28981ECE00CC0E60 /* ViewController.swift in Sources */,
				B2AAB820289821E500CC0E60 /* SCPListViewCell.swift in Sources */,
				B2AAB80728981ECE00CC0E60 /* AppDelegate.swift in Sources */,
				B2AAB82528983F8900CC0E60 /* DetailViewController.swift in Sources */,
				B2BDC236289926A300AD8071 /* ProfileViewController.swift in Sources */,
				B2AAB80928981ECE00CC0E60 /* SceneDelegate.swift in Sources */,
				B2AAB823289825BC00CC0E60 /* SCPModel.swift in Sources */,
			);
			runOnlyForDeploymentPostprocessing = 0;
		};
/* End PBXSourcesBuildPhase section */

/* Begin PBXVariantGroup section */
		B2AAB81128981ECF00CC0E60 /* LaunchScreen.storyboard */ = {
			isa = PBXVariantGroup;
			children = (
				B2AAB81228981ECF00CC0E60 /* Base */,
			);
			name = LaunchScreen.storyboard;
			sourceTree = "<group>";
		};
/* End PBXVariantGroup section */

/* Begin XCBuildConfiguration section */
		B2AAB81528981ECF00CC0E60 /* Debug */ = {
			isa = XCBuildConfiguration;
			buildSettings = {
				ALWAYS_SEARCH_USER_PATHS = NO;
				CLANG_ANALYZER_NONNULL = YES;
				CLANG_ANALYZER_NUMBER_OBJECT_CONVERSION = YES_AGGRESSIVE;
				CLANG_CXX_LANGUAGE_STANDARD = "gnu++17";
				CLANG_ENABLE_MODULES = YES;
				CLANG_ENABLE_OBJC_ARC = YES;
				CLANG_ENABLE_OBJC_WEAK = YES;
				CLANG_WARN_BLOCK_CAPTURE_AUTORELEASING = YES;
				CLANG_WARN_BOOL_CONVERSION = YES;
				CLANG_WARN_COMMA = YES;
				CLANG_WARN_CONSTANT_CONVERSION = YES;
				CLANG_WARN_DEPRECATED_OBJC_IMPLEMENTATIONS = YES;
				CLANG_WARN_DIRECT_OBJC_ISA_USAGE = YES_ERROR;
				CLANG_WARN_DOCUMENTATION_COMMENTS = YES;
				CLANG_WARN_EMPTY_BODY = YES;
				CLANG_WARN_ENUM_CONVERSION = YES;
				CLANG_WARN_INFINITE_RECURSION = YES;
				CLANG_WARN_INT_CONVERSION = YES;
				CLANG_WARN_NON_LITERAL_NULL_CONVERSION = YES;
				CLANG_WARN_OBJC_IMPLICIT_RETAIN_SELF = YES;
				CLANG_WARN_OBJC_LITERAL_CONVERSION = YES;
				CLANG_WARN_OBJC_ROOT_CLASS = YES_ERROR;
				CLANG_WARN_QUOTED_INCLUDE_IN_FRAMEWORK_HEADER = YES;
				CLANG_WARN_RANGE_LOOP_ANALYSIS = YES;
				CLANG_WARN_STRICT_PROTOTYPES = YES;
				CLANG_WARN_SUSPICIOUS_MOVE = YES;
				CLANG_WARN_UNGUARDED_AVAILABILITY = YES_AGGRESSIVE;
				CLANG_WARN_UNREACHABLE_CODE = YES;
				CLANG_WARN__DUPLICATE_METHOD_MATCH = YES;
				COPY_PHASE_STRIP = NO;
				DEBUG_INFORMATION_FORMAT = dwarf;
				ENABLE_STRICT_OBJC_MSGSEND = YES;
				ENABLE_TESTABILITY = YES;
				GCC_C_LANGUAGE_STANDARD = gnu11;
				GCC_DYNAMIC_NO_PIC = NO;
				GCC_NO_COMMON_BLOCKS = YES;
				GCC_OPTIMIZATION_LEVEL = 0;
				GCC_PREPROCESSOR_DEFINITIONS = (
					"DEBUG=1",
					"$(inherited)",
				);
				GCC_WARN_64_TO_32_BIT_CONVERSION = YES;
				GCC_WARN_ABOUT_RETURN_TYPE = YES_ERROR;
				GCC_WARN_UNDECLARED_SELECTOR = YES;
				GCC_WARN_UNINITIALIZED_AUTOS = YES_AGGRESSIVE;
				GCC_WARN_UNUSED_FUNCTION = YES;
				GCC_WARN_UNUSED_VARIABLE = YES;
				IPHONEOS_DEPLOYMENT_TARGET = 15.5;
				MTL_ENABLE_DEBUG_INFO = INCLUDE_SOURCE;
				MTL_FAST_MATH = YES;
				ONLY_ACTIVE_ARCH = YES;
				SDKROOT = iphoneos;
				SWIFT_ACTIVE_COMPILATION_CONDITIONS = DEBUG;
				SWIFT_OPTIMIZATION_LEVEL = "-Onone";
			};
			name = Debug;
		};
		B2AAB81628981ECF00CC0E60 /* Release */ = {
			isa = XCBuildConfiguration;
			buildSettings = {
				ALWAYS_SEARCH_USER_PATHS = NO;
				CLANG_ANALYZER_NONNULL = YES;
				CLANG_ANALYZER_NUMBER_OBJECT_CONVERSION = YES_AGGRESSIVE;
				CLANG_CXX_LANGUAGE_STANDARD = "gnu++17";
				CLANG_ENABLE_MODULES = YES;
				CLANG_ENABLE_OBJC_ARC = YES;
				CLANG_ENABLE_OBJC_WEAK = YES;
				CLANG_WARN_BLOCK_CAPTURE_AUTORELEASING = YES;
				CLANG_WARN_BOOL_CONVERSION = YES;
				CLANG_WARN_COMMA = YES;
				CLANG_WARN_CONSTANT_CONVERSION = YES;
				CLANG_WARN_DEPRECATED_OBJC_IMPLEMENTATIONS = YES;
				CLANG_WARN_DIRECT_OBJC_ISA_USAGE = YES_ERROR;
				CLANG_WARN_DOCUMENTATION_COMMENTS = YES;
				CLANG_WARN_EMPTY_BODY = YES;
				CLANG_WARN_ENUM_CONVERSION = YES;
				CLANG_WARN_INFINITE_RECURSION = YES;
				CLANG_WARN_INT_CONVERSION = YES;
				CLANG_WARN_NON_LITERAL_NULL_CONVERSION = YES;
				CLANG_WARN_OBJC_IMPLICIT_RETAIN_SELF = YES;
				CLANG_WARN_OBJC_LITERAL_CONVERSION = YES;
				CLANG_WARN_OBJC_ROOT_CLASS = YES_ERROR;
				CLANG_WARN_QUOTED_INCLUDE_IN_FRAMEWORK_HEADER = YES;
				CLANG_WARN_RANGE_LOOP_ANALYSIS = YES;
				CLANG_WARN_STRICT_PROTOTYPES = YES;
				CLANG_WARN_SUSPICIOUS_MOVE = YES;
				CLANG_WARN_UNGUARDED_AVAILABILITY = YES_AGGRESSIVE;
				CLANG_WARN_UNREACHABLE_CODE = YES;
				CLANG_WARN__DUPLICATE_METHOD_MATCH = YES;
				COPY_PHASE_STRIP = NO;
				DEBUG_INFORMATION_FORMAT = "dwarf-with-dsym";
				ENABLE_NS_ASSERTIONS = NO;
				ENABLE_STRICT_OBJC_MSGSEND = YES;
				GCC_C_LANGUAGE_STANDARD = gnu11;
				GCC_NO_COMMON_BLOCKS = YES;
				GCC_WARN_64_TO_32_BIT_CONVERSION = YES;
				GCC_WARN_ABOUT_RETURN_TYPE = YES_ERROR;
				GCC_WARN_UNDECLARED_SELECTOR = YES;
				GCC_WARN_UNINITIALIZED_AUTOS = YES_AGGRESSIVE;
				GCC_WARN_UNUSED_FUNCTION = YES;
				GCC_WARN_UNUSED_VARIABLE = YES;
				IPHONEOS_DEPLOYMENT_TARGET = 15.5;
				MTL_ENABLE_DEBUG_INFO = NO;
				MTL_FAST_MATH = YES;
				SDKROOT = iphoneos;
				SWIFT_COMPILATION_MODE = wholemodule;
				SWIFT_OPTIMIZATION_LEVEL = "-O";
				VALIDATE_PRODUCT = YES;
			};
			name = Release;
		};
		B2AAB81828981ECF00CC0E60 /* Debug */ = {
			isa = XCBuildConfiguration;
			buildSettings = {
				ASSETCATALOG_COMPILER_APPICON_NAME = AppIcon;
				ASSETCATALOG_COMPILER_GLOBAL_ACCENT_COLOR_NAME = AccentColor;
				CODE_SIGN_STYLE = Automatic;
				CURRENT_PROJECT_VERSION = 1;
				DEVELOPMENT_TEAM = TCFZPYDVR5;
				GENERATE_INFOPLIST_FILE = YES;
				INFOPLIST_FILE = SCPBook/Info.plist;
				INFOPLIST_KEY_UIApplicationSupportsIndirectInputEvents = YES;
				INFOPLIST_KEY_UILaunchStoryboardName = LaunchScreen;
				INFOPLIST_KEY_UIMainStoryboardFile = Main;
				INFOPLIST_KEY_UISupportedInterfaceOrientations_iPad = "UIInterfaceOrientationPortrait UIInterfaceOrientationPortraitUpsideDown UIInterfaceOrientationLandscapeLeft UIInterfaceOrientationLandscapeRight";
				INFOPLIST_KEY_UISupportedInterfaceOrientations_iPhone = "UIInterfaceOrientationPortrait UIInterfaceOrientationLandscapeLeft UIInterfaceOrientationLandscapeRight";
				LD_RUNPATH_SEARCH_PATHS = (
					"$(inherited)",
					"@executable_path/Frameworks",
				);
				MARKETING_VERSION = 1.0;
				PRODUCT_BUNDLE_IDENTIFIER = com.dicoding.academy.SCPBook;
				PRODUCT_NAME = "$(TARGET_NAME)";
				SWIFT_EMIT_LOC_STRINGS = YES;
				SWIFT_VERSION = 5.0;
				TARGETED_DEVICE_FAMILY = "1,2";
			};
			name = Debug;
		};
		B2AAB81928981ECF00CC0E60 /* Release */ = {
			isa = XCBuildConfiguration;
			buildSettings = {
				ASSETCATALOG_COMPILER_APPICON_NAME = AppIcon;
				ASSETCATALOG_COMPILER_GLOBAL_ACCENT_COLOR_NAME = AccentColor;
				CODE_SIGN_STYLE = Automatic;
				CURRENT_PROJECT_VERSION = 1;
				DEVELOPMENT_TEAM = TCFZPYDVR5;
				GENERATE_INFOPLIST_FILE = YES;
				INFOPLIST_FILE = SCPBook/Info.plist;
				INFOPLIST_KEY_UIApplicationSupportsIndirectInputEvents = YES;
				INFOPLIST_KEY_UILaunchStoryboardName = LaunchScreen;
				INFOPLIST_KEY_UIMainStoryboardFile = Main;
				INFOPLIST_KEY_UISupportedInterfaceOrientations_iPad = "UIInterfaceOrientationPortrait UIInterfaceOrientationPortraitUpsideDown UIInterfaceOrientationLandscapeLeft UIInterfaceOrientationLandscapeRight";
				INFOPLIST_KEY_UISupportedInterfaceOrientations_iPhone = "UIInterfaceOrientationPortrait UIInterfaceOrientationLandscapeLeft UIInterfaceOrientationLandscapeRight";
				LD_RUNPATH_SEARCH_PATHS = (
					"$(inherited)",
					"@executable_path/Frameworks",
				);
				MARKETING_VERSION = 1.0;
				PRODUCT_BUNDLE_IDENTIFIER = com.dicoding.academy.SCPBook;
				PRODUCT_NAME = "$(TARGET_NAME)";
				SWIFT_EMIT_LOC_STRINGS = YES;
				SWIFT_VERSION = 5.0;
				TARGETED_DEVICE_FAMILY = "1,2";
			};
			name = Release;
		};
/* End XCBuildConfiguration section */

/* Begin XCConfigurationList section */
		B2AAB7FE28981ECE00CC0E60 /* Build configuration list for PBXProject "SCPBook" */ = {
			isa = XCConfigurationList;
			buildConfigurations = (
				B2AAB81528981ECF00CC0E60 /* Debug */,
				B2AAB81628981ECF00CC0E60 /* Release */,
			);
			defaultConfigurationIsVisible = 0;
			defaultConfigurationName = Release;
		};
		B2AAB81728981ECF00CC0E60 /* Build configuration list for PBXNativeTarget "SCPBook" */ = {
			isa = XCConfigurationList;
			buildConfigurations = (
				B2AAB81828981ECF00CC0E60 /* Debug */,
				B2AAB81928981ECF00CC0E60 /* Release */,
			);
			defaultConfigurationIsVisible = 0;
			defaultConfigurationName = Release;
		};
/* End XCConfigurationList section */
	};
	rootObject = B2AAB7FB28981ECE00CC0E60 /* Project object */;
}
